// !$*UTF8*$!
{
	archiveVersion = 1;
	classes = {
	};
	objectVersion = 48;
	objects = {

/* Begin PBXBuildFile section */
		230B75941F7D7197000780EF /* AppDelegate.swift in Sources */ = {isa = PBXBuildFile; fileRef = 230B75931F7D7197000780EF /* AppDelegate.swift */; };
		230B75961F7D7197000780EF /* MoviesViewController.swift in Sources */ = {isa = PBXBuildFile; fileRef = 230B75951F7D7197000780EF /* MoviesViewController.swift */; };
		230B75991F7D7197000780EF /* Main.storyboard in Resources */ = {isa = PBXBuildFile; fileRef = 230B75971F7D7197000780EF /* Main.storyboard */; };
		230B759B1F7D7197000780EF /* Assets.xcassets in Resources */ = {isa = PBXBuildFile; fileRef = 230B759A1F7D7197000780EF /* Assets.xcassets */; };
		230B759E1F7D7197000780EF /* LaunchScreen.storyboard in Resources */ = {isa = PBXBuildFile; fileRef = 230B759C1F7D7197000780EF /* LaunchScreen.storyboard */; };
		230B75A61F7D732D000780EF /* MoviesTableViewCell.swift in Sources */ = {isa = PBXBuildFile; fileRef = 230B75A51F7D732D000780EF /* MoviesTableViewCell.swift */; };
		23112B511FA2A1900040C249 /* moviesCollectionViewCell.swift in Sources */ = {isa = PBXBuildFile; fileRef = 23112B501FA2A1900040C249 /* moviesCollectionViewCell.swift */; };
		2312FA751F8D3B7900369634 /* MovieDetailsViewController.swift in Sources */ = {isa = PBXBuildFile; fileRef = 2312FA741F8D3B7900369634 /* MovieDetailsViewController.swift */; };
		231351151F90343C0069CCA3 /* FlixMovie.swift in Sources */ = {isa = PBXBuildFile; fileRef = 231351141F90343C0069CCA3 /* FlixMovie.swift */; };
		3519B6EA8F60D31FB56C285B /* Pods_Flix.framework in Frameworks */ = {isa = PBXBuildFile; fileRef = 7DFEDEC51DBAAE5469C8F8B9 /* Pods_Flix.framework */; };
/* End PBXBuildFile section */

/* Begin PBXFileReference section */
		1C9BD0E45A0488F89CACB2C6 /* Pods-Flix.debug.xcconfig */ = {isa = PBXFileReference; includeInIndex = 1; lastKnownFileType = text.xcconfig; name = "Pods-Flix.debug.xcconfig"; path = "Pods/Target Support Files/Pods-Flix/Pods-Flix.debug.xcconfig"; sourceTree = "<group>"; };
		230B75901F7D7197000780EF /* Flix.app */ = {isa = PBXFileReference; explicitFileType = wrapper.application; includeInIndex = 0; path = Flix.app; sourceTree = BUILT_PRODUCTS_DIR; };
		230B75931F7D7197000780EF /* AppDelegate.swift */ = {isa = PBXFileReference; lastKnownFileType = sourcecode.swift; path = AppDelegate.swift; sourceTree = "<group>"; };
		230B75951F7D7197000780EF /* MoviesViewController.swift */ = {isa = PBXFileReference; lastKnownFileType = sourcecode.swift; path = MoviesViewController.swift; sourceTree = "<group>"; };
		230B75981F7D7197000780EF /* Base */ = {isa = PBXFileReference; lastKnownFileType = file.storyboard; name = Base; path = Base.lproj/Main.storyboard; sourceTree = "<group>"; };
		230B759A1F7D7197000780EF /* Assets.xcassets */ = {isa = PBXFileReference; lastKnownFileType = folder.assetcatalog; path = Assets.xcassets; sourceTree = "<group>"; };
		230B759D1F7D7197000780EF /* Base */ = {isa = PBXFileReference; lastKnownFileType = file.storyboard; name = Base; path = Base.lproj/LaunchScreen.storyboard; sourceTree = "<group>"; };
		230B759F1F7D7197000780EF /* Info.plist */ = {isa = PBXFileReference; lastKnownFileType = text.plist.xml; path = Info.plist; sourceTree = "<group>"; };
		230B75A51F7D732D000780EF /* MoviesTableViewCell.swift */ = {isa = PBXFileReference; lastKnownFileType = sourcecode.swift; path = MoviesTableViewCell.swift; sourceTree = "<group>"; };
		23112B501FA2A1900040C249 /* moviesCollectionViewCell.swift */ = {isa = PBXFileReference; lastKnownFileType = sourcecode.swift; path = moviesCollectionViewCell.swift; sourceTree = "<group>"; };
		2312FA741F8D3B7900369634 /* MovieDetailsViewController.swift */ = {isa = PBXFileReference; lastKnownFileType = sourcecode.swift; path = MovieDetailsViewController.swift; sourceTree = "<group>"; };
		231351141F90343C0069CCA3 /* FlixMovie.swift */ = {isa = PBXFileReference; lastKnownFileType = sourcecode.swift; path = FlixMovie.swift; sourceTree = "<group>"; };
		76EC4158CD31BB613172B9E8 /* Pods-Flix.release.xcconfig */ = {isa = PBXFileReference; includeInIndex = 1; lastKnownFileType = text.xcconfig; name = "Pods-Flix.release.xcconfig"; path = "Pods/Target Support Files/Pods-Flix/Pods-Flix.release.xcconfig"; sourceTree = "<group>"; };
		7DFEDEC51DBAAE5469C8F8B9 /* Pods_Flix.framework */ = {isa = PBXFileReference; explicitFileType = wrapper.framework; includeInIndex = 0; path = Pods_Flix.framework; sourceTree = BUILT_PRODUCTS_DIR; };
/* End PBXFileReference section */

/* Begin PBXFrameworksBuildPhase section */
		230B758D1F7D7197000780EF /* Frameworks */ = {
			isa = PBXFrameworksBuildPhase;
			buildActionMask = 2147483647;
			files = (
				3519B6EA8F60D31FB56C285B /* Pods_Flix.framework in Frameworks */,
			);
			runOnlyForDeploymentPostprocessing = 0;
		};
/* End PBXFrameworksBuildPhase section */

/* Begin PBXGroup section */
		13A30C2FCB7569A370D629AA /* Frameworks */ = {
			isa = PBXGroup;
			children = (
				7DFEDEC51DBAAE5469C8F8B9 /* Pods_Flix.framework */,
			);
			name = Frameworks;
			sourceTree = "<group>";
		};
		230B75871F7D7197000780EF = {
			isa = PBXGroup;
			children = (
				230B75921F7D7197000780EF /* Flix */,
				230B75911F7D7197000780EF /* Products */,
				F140F98CC1D901D28FFE815F /* Pods */,
				13A30C2FCB7569A370D629AA /* Frameworks */,
			);
			sourceTree = "<group>";
		};
		230B75911F7D7197000780EF /* Products */ = {
			isa = PBXGroup;
			children = (
				230B75901F7D7197000780EF /* Flix.app */,
			);
			name = Products;
			sourceTree = "<group>";
		};
		230B75921F7D7197000780EF /* Flix */ = {
			isa = PBXGroup;
			children = (
				230B75A71F7D7333000780EF /* View Controllers */,
				230B75931F7D7197000780EF /* AppDelegate.swift */,
				230B75971F7D7197000780EF /* Main.storyboard */,
				230B759A1F7D7197000780EF /* Assets.xcassets */,
				230B759C1F7D7197000780EF /* LaunchScreen.storyboard */,
				230B759F1F7D7197000780EF /* Info.plist */,
				231351141F90343C0069CCA3 /* FlixMovie.swift */,
			);
			path = Flix;
			sourceTree = "<group>";
		};
		230B75A71F7D7333000780EF /* View Controllers */ = {
			isa = PBXGroup;
			children = (
				2312FA741F8D3B7900369634 /* MovieDetailsViewController.swift */,
				230B75951F7D7197000780EF /* MoviesViewController.swift */,
				230B75A51F7D732D000780EF /* MoviesTableViewCell.swift */,
				23112B501FA2A1900040C249 /* moviesCollectionViewCell.swift */,
			);
			path = "View Controllers";
			sourceTree = "<group>";
		};
		F140F98CC1D901D28FFE815F /* Pods */ = {
			isa = PBXGroup;
			children = (
				1C9BD0E45A0488F89CACB2C6 /* Pods-Flix.debug.xcconfig */,
				76EC4158CD31BB613172B9E8 /* Pods-Flix.release.xcconfig */,
			);
			name = Pods;
			sourceTree = "<group>";
		};
/* End PBXGroup section */

/* Begin PBXNativeTarget section */
		230B758F1F7D7197000780EF /* Flix */ = {
			isa = PBXNativeTarget;
			buildConfigurationList = 230B75A21F7D7197000780EF /* Build configuration list for PBXNativeTarget "Flix" */;
			buildPhases = (
				46C06996AE20258197A0D44B /* [CP] Check Pods Manifest.lock */,
				230B758C1F7D7197000780EF /* Sources */,
				230B758D1F7D7197000780EF /* Frameworks */,
				230B758E1F7D7197000780EF /* Resources */,
				68A1C1BED864B86B8BB009D6 /* [CP] Embed Pods Frameworks */,
				BF54B7DD874A4720D4C0D524 /* [CP] Copy Pods Resources */,
			);
			buildRules = (
			);
			dependencies = (
			);
			name = Flix;
			productName = Flix;
			productReference = 230B75901F7D7197000780EF /* Flix.app */;
			productType = "com.apple.product-type.application";
		};
/* End PBXNativeTarget section */

/* Begin PBXProject section */
		230B75881F7D7197000780EF /* Project object */ = {
			isa = PBXProject;
			attributes = {
				LastSwiftUpdateCheck = 0900;
				LastUpgradeCheck = 0900;
				ORGANIZATIONNAME = "Sudipta Bhowmik";
				TargetAttributes = {
					230B758F1F7D7197000780EF = {
						CreatedOnToolsVersion = 9.0;
						ProvisioningStyle = Automatic;
					};
				};
			};
			buildConfigurationList = 230B758B1F7D7197000780EF /* Build configuration list for PBXProject "Flix" */;
			compatibilityVersion = "Xcode 8.0";
			developmentRegion = en;
			hasScannedForEncodings = 0;
			knownRegions = (
				en,
				Base,
			);
			mainGroup = 230B75871F7D7197000780EF;
			productRefGroup = 230B75911F7D7197000780EF /* Products */;
			projectDirPath = "";
			projectRoot = "";
			targets = (
				230B758F1F7D7197000780EF /* Flix */,
			);
		};
/* End PBXProject section */

/* Begin PBXResourcesBuildPhase section */
		230B758E1F7D7197000780EF /* Resources */ = {
			isa = PBXResourcesBuildPhase;
			buildActionMask = 2147483647;
			files = (
				230B759E1F7D7197000780EF /* LaunchScreen.storyboard in Resources */,
				230B759B1F7D7197000780EF /* Assets.xcassets in Resources */,
				230B75991F7D7197000780EF /* Main.storyboard in Resources */,
			);
			runOnlyForDeploymentPostprocessing = 0;
		};
/* End PBXResourcesBuildPhase section */

/* Begin PBXShellScriptBuildPhase section */
		46C06996AE20258197A0D44B /* [CP] Check Pods Manifest.lock */ = {
			isa = PBXShellScriptBuildPhase;
			buildActionMask = 2147483647;
			files = (
			);
			inputPaths = (
				"${PODS_PODFILE_DIR_PATH}/Podfile.lock",
				"${PODS_ROOT}/Manifest.lock",
			);
			name = "[CP] Check Pods Manifest.lock";
			outputPaths = (
				"$(DERIVED_FILE_DIR)/Pods-Flix-checkManifestLockResult.txt",
			);
			runOnlyForDeploymentPostprocessing = 0;
			shellPath = /bin/sh;
			shellScript = "diff \"${PODS_PODFILE_DIR_PATH}/Podfile.lock\" \"${PODS_ROOT}/Manifest.lock\" > /dev/null\nif [ $? != 0 ] ; then\n    # print error to STDERR\n    echo \"error: The sandbox is not in sync with the Podfile.lock. Run 'pod install' or update your CocoaPods installation.\" >&2\n    exit 1\nfi\n# This output is used by Xcode 'outputs' to avoid re-running this script phase.\necho \"SUCCESS\" > \"${SCRIPT_OUTPUT_FILE_0}\"\n";
			showEnvVarsInLog = 0;
		};
		68A1C1BED864B86B8BB009D6 /* [CP] Embed Pods Frameworks */ = {
			isa = PBXShellScriptBuildPhase;
			buildActionMask = 2147483647;
			files = (
			);
			inputPaths = (
				"${SRCROOT}/Pods/Target Support Files/Pods-Flix/Pods-Flix-frameworks.sh",
				"${BUILT_PRODUCTS_DIR}/AFNetworking/AFNetworking.framework",
				"${BUILT_PRODUCTS_DIR}/MBProgressHUD/MBProgressHUD.framework",
			);
			name = "[CP] Embed Pods Frameworks";
			outputPaths = (
				"${TARGET_BUILD_DIR}/${FRAMEWORKS_FOLDER_PATH}/AFNetworking.framework",
				"${TARGET_BUILD_DIR}/${FRAMEWORKS_FOLDER_PATH}/MBProgressHUD.framework",
			);
			runOnlyForDeploymentPostprocessing = 0;
			shellPath = /bin/sh;
			shellScript = "\"${SRCROOT}/Pods/Target Support Files/Pods-Flix/Pods-Flix-frameworks.sh\"\n";
			showEnvVarsInLog = 0;
		};
		BF54B7DD874A4720D4C0D524 /* [CP] Copy Pods Resources */ = {
			isa = PBXShellScriptBuildPhase;
			buildActionMask = 2147483647;
			files = (
			);
			inputPaths = (
			);
			name = "[CP] Copy Pods Resources";
			outputPaths = (
			);
			runOnlyForDeploymentPostprocessing = 0;
			shellPath = /bin/sh;
			shellScript = "\"${SRCROOT}/Pods/Target Support Files/Pods-Flix/Pods-Flix-resources.sh\"\n";
			showEnvVarsInLog = 0;
		};
/* End PBXShellScriptBuildPhase section */

/* Begin PBXSourcesBuildPhase section */
		230B758C1F7D7197000780EF /* Sources */ = {
			isa = PBXSourcesBuildPhase;
			buildActionMask = 2147483647;
			files = (
				2312FA751F8D3B7900369634 /* MovieDetailsViewController.swift in Sources */,
				230B75A61F7D732D000780EF /* MoviesTableViewCell.swift in Sources */,
				230B75961F7D7197000780EF /* MoviesViewController.swift in Sources */,
				230B75941F7D7197000780EF /* AppDelegate.swift in Sources */,
				231351151F90343C0069CCA3 /* FlixMovie.swift in Sources */,
				23112B511FA2A1900040C249 /* moviesCollectionViewCell.swift in Sources */,
			);
			runOnlyForDeploymentPostprocessing = 0;
		};
/* End PBXSourcesBuildPhase section */

/* Begin PBXVariantGroup section */
		230B75971F7D7197000780EF /* Main.storyboard */ = {
			isa = PBXVariantGroup;
			children = (
				230B75981F7D7197000780EF /* Base */,
			);
			name = Main.storyboard;
			sourceTree = "<group>";
		};
		230B759C1F7D7197000780EF /* LaunchScreen.storyboard */ = {
			isa = PBXVariantGroup;
			children = (
				230B759D1F7D7197000780EF /* Base */,
			);
			name = LaunchScreen.storyboard;
			sourceTree = "<group>";
		};
/* End PBXVariantGroup section */

/* Begin XCBuildConfiguration section */
		230B75A01F7D7197000780EF /* Debug */ = {
			isa = XCBuildConfiguration;
			buildSettings = {
				ALWAYS_SEARCH_USER_PATHS = NO;
				CLANG_ANALYZER_NONNULL = YES;
				CLANG_ANALYZER_NUMBER_OBJECT_CONVERSION = YES_AGGRESSIVE;
				CLANG_CXX_LANGUAGE_STANDARD = "gnu++14";
				CLANG_CXX_LIBRARY = "libc++";
				CLANG_ENABLE_MODULES = YES;
				CLANG_ENABLE_OBJC_ARC = YES;
				CLANG_WARN_BLOCK_CAPTURE_AUTORELEASING = YES;
				CLANG_WARN_BOOL_CONVERSION = YES;
				CLANG_WARN_COMMA = YES;
				CLANG_WARN_CONSTANT_CONVERSION = YES;
				CLANG_WARN_DIRECT_OBJC_ISA_USAGE = YES_ERROR;
				CLANG_WARN_DOCUMENTATION_COMMENTS = YES;
				CLANG_WARN_EMPTY_BODY = YES;
				CLANG_WARN_ENUM_CONVERSION = YES;
				CLANG_WARN_INFINITE_RECURSION = YES;
				CLANG_WARN_INT_CONVERSION = YES;
				CLANG_WARN_NON_LITERAL_NULL_CONVERSION = YES;
				CLANG_WARN_OBJC_LITERAL_CONVERSION = YES;
				CLANG_WARN_OBJC_ROOT_CLASS = YES_ERROR;
				CLANG_WARN_RANGE_LOOP_ANALYSIS = YES;
				CLANG_WARN_STRICT_PROTOTYPES = YES;
				CLANG_WARN_SUSPICIOUS_MOVE = YES;
				CLANG_WARN_UNGUARDED_AVAILABILITY = YES_AGGRESSIVE;
				CLANG_WARN_UNREACHABLE_CODE = YES;
				CLANG_WARN__DUPLICATE_METHOD_MATCH = YES;
				CODE_SIGN_IDENTITY = "iPhone Developer";
				COPY_PHASE_STRIP = NO;
				DEBUG_INFORMATION_FORMAT = dwarf;
				ENABLE_STRICT_OBJC_MSGSEND = YES;
				ENABLE_TESTABILITY = YES;
				GCC_C_LANGUAGE_STANDARD = gnu11;
				GCC_DYNAMIC_NO_PIC = NO;
				GCC_NO_COMMON_BLOCKS = YES;
				GCC_OPTIMIZATION_LEVEL = 0;
				GCC_PREPROCESSOR_DEFINITIONS = (
					"DEBUG=1",
					"$(inherited)",
				);
				GCC_WARN_64_TO_32_BIT_CONVERSION = YES;
				GCC_WARN_ABOUT_RETURN_TYPE = YES_ERROR;
				GCC_WARN_UNDECLARED_SELECTOR = YES;
				GCC_WARN_UNINITIALIZED_AUTOS = YES_AGGRESSIVE;
				GCC_WARN_UNUSED_FUNCTION = YES;
				GCC_WARN_UNUSED_VARIABLE = YES;
				IPHONEOS_DEPLOYMENT_TARGET = 11.0;
				MTL_ENABLE_DEBUG_INFO = YES;
				ONLY_ACTIVE_ARCH = YES;
				SDKROOT = iphoneos;
				SWIFT_ACTIVE_COMPILATION_CONDITIONS = DEBUG;
				SWIFT_OPTIMIZATION_LEVEL = "-Onone";
			};
			name = Debug;
		};
		230B75A11F7D7197000780EF /* Release */ = {
			isa = XCBuildConfiguration;
			buildSettings = {
				ALWAYS_SEARCH_USER_PATHS = NO;
				CLANG_ANALYZER_NONNULL = YES;
				CLANG_ANALYZER_NUMBER_OBJECT_CONVERSION = YES_AGGRESSIVE;
				CLANG_CXX_LANGUAGE_STANDARD = "gnu++14";
				CLANG_CXX_LIBRARY = "libc++";
				CLANG_ENABLE_MODULES = YES;
				CLANG_ENABLE_OBJC_ARC = YES;
				CLANG_WARN_BLOCK_CAPTURE_AUTORELEASING = YES;
				CLANG_WARN_BOOL_CONVERSION = YES;
				CLANG_WARN_COMMA = YES;
				CLANG_WARN_CONSTANT_CONVERSION = YES;
				CLANG_WARN_DIRECT_OBJC_ISA_USAGE = YES_ERROR;
				CLANG_WARN_DOCUMENTATION_COMMENTS = YES;
				CLANG_WARN_EMPTY_BODY = YES;
				CLANG_WARN_ENUM_CONVERSION = YES;
				CLANG_WARN_INFINITE_RECURSION = YES;
				CLANG_WARN_INT_CONVERSION = YES;
				CLANG_WARN_NON_LITERAL_NULL_CONVERSION = YES;
				CLANG_WARN_OBJC_LITERAL_CONVERSION = YES;
				CLANG_WARN_OBJC_ROOT_CLASS = YES_ERROR;
				CLANG_WARN_RANGE_LOOP_ANALYSIS = YES;
				CLANG_WARN_STRICT_PROTOTYPES = YES;
				CLANG_WARN_SUSPICIOUS_MOVE = YES;
				CLANG_WARN_UNGUARDED_AVAILABILITY = YES_AGGRESSIVE;
				CLANG_WARN_UNREACHABLE_CODE = YES;
				CLANG_WARN__DUPLICATE_METHOD_MATCH = YES;
				CODE_SIGN_IDENTITY = "iPhone Developer";
				COPY_PHASE_STRIP = NO;
				DEBUG_INFORMATION_FORMAT = "dwarf-with-dsym";
				ENABLE_NS_ASSERTIONS = NO;
				ENABLE_STRICT_OBJC_MSGSEND = YES;
				GCC_C_LANGUAGE_STANDARD = gnu11;
				GCC_NO_COMMON_BLOCKS = YES;
				GCC_WARN_64_TO_32_BIT_CONVERSION = YES;
				GCC_WARN_ABOUT_RETURN_TYPE = YES_ERROR;
				GCC_WARN_UNDECLARED_SELECTOR = YES;
				GCC_WARN_UNINITIALIZED_AUTOS = YES_AGGRESSIVE;
				GCC_WARN_UNUSED_FUNCTION = YES;
				GCC_WARN_UNUSED_VARIABLE = YES;
				IPHONEOS_DEPLOYMENT_TARGET = 11.0;
				MTL_ENABLE_DEBUG_INFO = NO;
				SDKROOT = iphoneos;
				SWIFT_OPTIMIZATION_LEVEL = "-Owholemodule";
				VALIDATE_PRODUCT = YES;
			};
			name = Release;
		};
		230B75A31F7D7197000780EF /* Debug */ = {
			isa = XCBuildConfiguration;
			baseConfigurationReference = 1C9BD0E45A0488F89CACB2C6 /* Pods-Flix.debug.xcconfig */;
			buildSettings = {
				ASSETCATALOG_COMPILER_APPICON_NAME = AppIcon;
				CODE_SIGN_STYLE = Automatic;
				INFOPLIST_FILE = Flix/Info.plist;
				LD_RUNPATH_SEARCH_PATHS = "$(inherited) @executable_path/Frameworks";
				PRODUCT_BUNDLE_IDENTIFIER = sudipta.Flix;
				PRODUCT_NAME = "$(TARGET_NAME)";
				SWIFT_VERSION = 4.0;
				TARGETED_DEVICE_FAMILY = "1,2";
				"USER_HEADER_SEARCH_PATHS[arch=*]" = /Users/Sim/Developer/Flix;
			};
			name = Debug;
		};
		230B75A41F7D7197000780EF /* Release */ = {
			isa = XCBuildConfiguration;
			baseConfigurationReference = 76EC4158CD31BB613172B9E8 /* Pods-Flix.release.xcconfig */;
			buildSettings = {
				ASSETCATALOG_COMPILER_APPICON_NAME = AppIcon;
				CODE_SIGN_STYLE = Automatic;
				INFOPLIST_FILE = Flix/Info.plist;
				LD_RUNPATH_SEARCH_PATHS = "$(inherited) @executable_path/Frameworks";
				PRODUCT_BUNDLE_IDENTIFIER = sudipta.Flix;
				PRODUCT_NAME = "$(TARGET_NAME)";
				SWIFT_VERSION = 4.0;
				TARGETED_DEVICE_FAMILY = "1,2";
				"USER_HEADER_SEARCH_PATHS[arch=*]" = /Users/Sim/Developer/Flix;
			};
			name = Release;
		};
/* End XCBuildConfiguration section */

/* Begin XCConfigurationList section */
		230B758B1F7D7197000780EF /* Build configuration list for PBXProject "Flix" */ = {
			isa = XCConfigurationList;
			buildConfigurations = (
				230B75A01F7D7197000780EF /* Debug */,
				230B75A11F7D7197000780EF /* Release */,
			);
			defaultConfigurationIsVisible = 0;
			defaultConfigurationName = Release;
		};
		230B75A21F7D7197000780EF /* Build configuration list for PBXNativeTarget "Flix" */ = {
			isa = XCConfigurationList;
			buildConfigurations = (
				230B75A31F7D7197000780EF /* Debug */,
				230B75A41F7D7197000780EF /* Release */,
			);
			defaultConfigurationIsVisible = 0;
			defaultConfigurationName = Release;
		};
/* End XCConfigurationList section */
	};
	rootObject = 230B75881F7D7197000780EF /* Project object */;
}
